
Microsoft Visual Studio Solution File, Format Version 12.00
# Visual Studio Version 17
VisualStudioVersion = 17.7.34202.233
MinimumVisualStudioVersion = 10.0.40219.1
Project("{FAE04EC0-301F-11D3-BF4B-00C04F79EFBC}") = "lab2-1", "lab2-1\lab2-1.csproj", "{7CA66237-CAB8-48D9-81ED-AE419031C92F}"
EndProject
Global
	GlobalSection(SolutionConfigurationPlatforms) = preSolution
		Debug|Any CPU = Debug|Any CPU
		Release|Any CPU = Release|Any CPU
	EndGlobalSection
	GlobalSection(ProjectConfigurationPlatforms) = postSolution
		{7CA66237-CAB8-48D9-81ED-AE419031C92F}.Debug|Any CPU.ActiveCfg = Debug|Any CPU
		{7CA66237-CAB8-48D9-81ED-AE419031C92F}.Debug|Any CPU.Build.0 = Debug|Any CPU
		{7CA66237-CAB8-48D9-81ED-AE419031C92F}.Release|Any CPU.ActiveCfg = Release|Any CPU
		{7CA66237-CAB8-48D9-81ED-AE419031C92F}.Release|Any CPU.Build.0 = Release|Any CPU
	EndGlobalSection
	GlobalSection(SolutionProperties) = preSolution
		HideSolutionNode = FALSE
	EndGlobalSection
	GlobalSection(ExtensibilityGlobals) = postSolution
		SolutionGuid = {F479B047-035D-4100-8F55-C51B8B2C85F6}
	EndGlobalSection
EndGlobal
